// !$*UTF8*$!
{
	archiveVersion = 1;
	classes = {
	};
	objectVersion = 55;
	objects = {

/* Begin PBXBuildFile section */
		BA0D49B1283F162B00CB81B1 /* SleepRecord.swift in Sources */ = {isa = PBXBuildFile; fileRef = BA0D49B0283F162B00CB81B1 /* SleepRecord.swift */; };
		BA0D49B9283F222100CB81B1 /* IORepository.swift in Sources */ = {isa = PBXBuildFile; fileRef = BA0D49B8283F222100CB81B1 /* IORepository.swift */; };
		BA0D49BF283F229800CB81B1 /* SleepRecordViewModel.swift in Sources */ = {isa = PBXBuildFile; fileRef = BA0D49BE283F229800CB81B1 /* SleepRecordViewModel.swift */; };
		BA0DADD4284C1DE9007A06E2 /* Realm in Frameworks */ = {isa = PBXBuildFile; productRef = BA0DADD3284C1DE9007A06E2 /* Realm */; };
		BA0DADD6284C1DE9007A06E2 /* RealmSwift in Frameworks */ = {isa = PBXBuildFile; productRef = BA0DADD5284C1DE9007A06E2 /* RealmSwift */; };
		BA0DADD9284C1EFC007A06E2 /* SwiftUICharts in Frameworks */ = {isa = PBXBuildFile; productRef = BA0DADD8284C1EFC007A06E2 /* SwiftUICharts */; };
		BA1A1D4D28456C4A00C5F19E /* TestData.swift in Sources */ = {isa = PBXBuildFile; fileRef = BA1A1D4C28456C4A00C5F19E /* TestData.swift */; };
		BA1A1D4F28458B5800C5F19E /* User.swift in Sources */ = {isa = PBXBuildFile; fileRef = BA1A1D4E28458B5800C5F19E /* User.swift */; };
		BA1A1D5128458B8200C5F19E /* UserViewModel.swift in Sources */ = {isa = PBXBuildFile; fileRef = BA1A1D5028458B8200C5F19E /* UserViewModel.swift */; };
		F2050500283C1C300005135E /* Final_ProjectApp.swift in Sources */ = {isa = PBXBuildFile; fileRef = F20504FF283C1C300005135E /* Final_ProjectApp.swift */; };
		F2050502283C1C300005135E /* ContentView.swift in Sources */ = {isa = PBXBuildFile; fileRef = F2050501283C1C300005135E /* ContentView.swift */; };
		F2050504283C1C320005135E /* Assets.xcassets in Resources */ = {isa = PBXBuildFile; fileRef = F2050503283C1C320005135E /* Assets.xcassets */; };
		F2050507283C1C320005135E /* Preview Assets.xcassets in Resources */ = {isa = PBXBuildFile; fileRef = F2050506283C1C320005135E /* Preview Assets.xcassets */; };
		F205050E283C1C700005135E /* AddSleepView.swift in Sources */ = {isa = PBXBuildFile; fileRef = F205050D283C1C700005135E /* AddSleepView.swift */; };
		F2050514283C330A0005135E /* RecordsView.swift in Sources */ = {isa = PBXBuildFile; fileRef = F2050513283C330A0005135E /* RecordsView.swift */; };
		F2176CB72845FD8E00EE7934 /* HomeView.swift in Sources */ = {isa = PBXBuildFile; fileRef = F2176CB62845FD8E00EE7934 /* HomeView.swift */; };
		F2176CB92845FD9D00EE7934 /* ReportView.swift in Sources */ = {isa = PBXBuildFile; fileRef = F2176CB82845FD9D00EE7934 /* ReportView.swift */; };
		F2176CBB2848361100EE7934 /* DetailedView.swift in Sources */ = {isa = PBXBuildFile; fileRef = F2176CBA2848361100EE7934 /* DetailedView.swift */; };
		F2176CBD2849B44200EE7934 /* PieView.swift in Sources */ = {isa = PBXBuildFile; fileRef = F2176CBC2849B44200EE7934 /* PieView.swift */; };
		F2176CC72849D78000EE7934 /* GraphView.swift in Sources */ = {isa = PBXBuildFile; fileRef = F2176CC62849D78000EE7934 /* GraphView.swift */; };
		F2E3EE28284D9E44007AD766 /* Neumorphic in Frameworks */ = {isa = PBXBuildFile; productRef = F2E3EE27284D9E44007AD766 /* Neumorphic */; };
/* End PBXBuildFile section */

/* Begin PBXFileReference section */
		BA0D49B0283F162B00CB81B1 /* SleepRecord.swift */ = {isa = PBXFileReference; lastKnownFileType = sourcecode.swift; path = SleepRecord.swift; sourceTree = "<group>"; };
		BA0D49B8283F222100CB81B1 /* IORepository.swift */ = {isa = PBXFileReference; lastKnownFileType = sourcecode.swift; path = IORepository.swift; sourceTree = "<group>"; };
		BA0D49BE283F229800CB81B1 /* SleepRecordViewModel.swift */ = {isa = PBXFileReference; lastKnownFileType = sourcecode.swift; path = SleepRecordViewModel.swift; sourceTree = "<group>"; };
		BA1A1D4C28456C4A00C5F19E /* TestData.swift */ = {isa = PBXFileReference; lastKnownFileType = sourcecode.swift; path = TestData.swift; sourceTree = "<group>"; };
		BA1A1D4E28458B5800C5F19E /* User.swift */ = {isa = PBXFileReference; lastKnownFileType = sourcecode.swift; path = User.swift; sourceTree = "<group>"; };
		BA1A1D5028458B8200C5F19E /* UserViewModel.swift */ = {isa = PBXFileReference; lastKnownFileType = sourcecode.swift; path = UserViewModel.swift; sourceTree = "<group>"; };
		F20504FC283C1C300005135E /* Sleepy Time.app */ = {isa = PBXFileReference; explicitFileType = wrapper.application; includeInIndex = 0; path = "Sleepy Time.app"; sourceTree = BUILT_PRODUCTS_DIR; };
		F20504FF283C1C300005135E /* Final_ProjectApp.swift */ = {isa = PBXFileReference; lastKnownFileType = sourcecode.swift; path = Final_ProjectApp.swift; sourceTree = "<group>"; };
		F2050501283C1C300005135E /* ContentView.swift */ = {isa = PBXFileReference; lastKnownFileType = sourcecode.swift; path = ContentView.swift; sourceTree = "<group>"; };
		F2050503283C1C320005135E /* Assets.xcassets */ = {isa = PBXFileReference; lastKnownFileType = folder.assetcatalog; path = Assets.xcassets; sourceTree = "<group>"; };
		F2050506283C1C320005135E /* Preview Assets.xcassets */ = {isa = PBXFileReference; lastKnownFileType = folder.assetcatalog; path = "Preview Assets.xcassets"; sourceTree = "<group>"; };
		F205050D283C1C700005135E /* AddSleepView.swift */ = {isa = PBXFileReference; lastKnownFileType = sourcecode.swift; path = AddSleepView.swift; sourceTree = "<group>"; };
		F2050513283C330A0005135E /* RecordsView.swift */ = {isa = PBXFileReference; lastKnownFileType = sourcecode.swift; path = RecordsView.swift; sourceTree = "<group>"; };
		F2176CB62845FD8E00EE7934 /* HomeView.swift */ = {isa = PBXFileReference; lastKnownFileType = sourcecode.swift; path = HomeView.swift; sourceTree = "<group>"; };
		F2176CB82845FD9D00EE7934 /* ReportView.swift */ = {isa = PBXFileReference; lastKnownFileType = sourcecode.swift; path = ReportView.swift; sourceTree = "<group>"; };
		F2176CBA2848361100EE7934 /* DetailedView.swift */ = {isa = PBXFileReference; lastKnownFileType = sourcecode.swift; path = DetailedView.swift; sourceTree = "<group>"; };
		F2176CBC2849B44200EE7934 /* PieView.swift */ = {isa = PBXFileReference; lastKnownFileType = sourcecode.swift; path = PieView.swift; sourceTree = "<group>"; };
		F2176CC62849D78000EE7934 /* GraphView.swift */ = {isa = PBXFileReference; lastKnownFileType = sourcecode.swift; path = GraphView.swift; sourceTree = "<group>"; };
/* End PBXFileReference section */

/* Begin PBXFrameworksBuildPhase section */
		F20504F9283C1C300005135E /* Frameworks */ = {
			isa = PBXFrameworksBuildPhase;
			buildActionMask = 2147483647;
			files = (
				F2E3EE28284D9E44007AD766 /* Neumorphic in Frameworks */,
				BA0DADD9284C1EFC007A06E2 /* SwiftUICharts in Frameworks */,
				BA0DADD6284C1DE9007A06E2 /* RealmSwift in Frameworks */,
				BA0DADD4284C1DE9007A06E2 /* Realm in Frameworks */,
			);
			runOnlyForDeploymentPostprocessing = 0;
		};
/* End PBXFrameworksBuildPhase section */

/* Begin PBXGroup section */
		BA0D49AD283F13F600CB81B1 /* Views */ = {
			isa = PBXGroup;
			children = (
				F2050501283C1C300005135E /* ContentView.swift */,
				F2176CB62845FD8E00EE7934 /* HomeView.swift */,
				F205050D283C1C700005135E /* AddSleepView.swift */,
				F2176CB82845FD9D00EE7934 /* ReportView.swift */,
				F2176CBA2848361100EE7934 /* DetailedView.swift */,
				F2050513283C330A0005135E /* RecordsView.swift */,
				F2176CC62849D78000EE7934 /* GraphView.swift */,
				F2176CBC2849B44200EE7934 /* PieView.swift */,
			);
			path = Views;
			sourceTree = "<group>";
		};
		BA0D49AE283F15B100CB81B1 /* Models */ = {
			isa = PBXGroup;
			children = (
				BA0D49B0283F162B00CB81B1 /* SleepRecord.swift */,
				BA1A1D4E28458B5800C5F19E /* User.swift */,
			);
			path = Models;
			sourceTree = "<group>";
		};
		BA0D49AF283F15C100CB81B1 /* ViewModels */ = {
			isa = PBXGroup;
			children = (
				BA0D49BE283F229800CB81B1 /* SleepRecordViewModel.swift */,
				BA1A1D5028458B8200C5F19E /* UserViewModel.swift */,
			);
			path = ViewModels;
			sourceTree = "<group>";
		};
		BA0D49B7283F196300CB81B1 /* Protocols */ = {
			isa = PBXGroup;
			children = (
				BA0D49B8283F222100CB81B1 /* IORepository.swift */,
			);
			path = Protocols;
			sourceTree = "<group>";
		};
		F20504F3283C1C300005135E = {
			isa = PBXGroup;
			children = (
				F20504FE283C1C300005135E /* Final_Project */,
				F20504FD283C1C300005135E /* Products */,
			);
			sourceTree = "<group>";
		};
		F20504FD283C1C300005135E /* Products */ = {
			isa = PBXGroup;
			children = (
				F20504FC283C1C300005135E /* Sleepy Time.app */,
			);
			name = Products;
			sourceTree = "<group>";
		};
		F20504FE283C1C300005135E /* Final_Project */ = {
			isa = PBXGroup;
			children = (
				BA0D49B7283F196300CB81B1 /* Protocols */,
				BA0D49AF283F15C100CB81B1 /* ViewModels */,
				BA0D49AE283F15B100CB81B1 /* Models */,
				BA0D49AD283F13F600CB81B1 /* Views */,
				F20504FF283C1C300005135E /* Final_ProjectApp.swift */,
				BA1A1D4C28456C4A00C5F19E /* TestData.swift */,
				F2050503283C1C320005135E /* Assets.xcassets */,
				F2050505283C1C320005135E /* Preview Content */,
			);
			path = Final_Project;
			sourceTree = "<group>";
		};
		F2050505283C1C320005135E /* Preview Content */ = {
			isa = PBXGroup;
			children = (
				F2050506283C1C320005135E /* Preview Assets.xcassets */,
			);
			path = "Preview Content";
			sourceTree = "<group>";
		};
/* End PBXGroup section */

/* Begin PBXNativeTarget section */
		F20504FB283C1C300005135E /* Sleepy Time */ = {
			isa = PBXNativeTarget;
			buildConfigurationList = F205050A283C1C320005135E /* Build configuration list for PBXNativeTarget "Sleepy Time" */;
			buildPhases = (
				F20504F8283C1C300005135E /* Sources */,
				F20504F9283C1C300005135E /* Frameworks */,
				F20504FA283C1C300005135E /* Resources */,
			);
			buildRules = (
			);
			dependencies = (
			);
			name = "Sleepy Time";
			packageProductDependencies = (
				BA0DADD3284C1DE9007A06E2 /* Realm */,
				BA0DADD5284C1DE9007A06E2 /* RealmSwift */,
				BA0DADD8284C1EFC007A06E2 /* SwiftUICharts */,
				F2E3EE27284D9E44007AD766 /* Neumorphic */,
			);
			productName = Final_Project;
			productReference = F20504FC283C1C300005135E /* Sleepy Time.app */;
			productType = "com.apple.product-type.application";
		};
/* End PBXNativeTarget section */

/* Begin PBXProject section */
		F20504F4283C1C300005135E /* Project object */ = {
			isa = PBXProject;
			attributes = {
				BuildIndependentTargetsInParallel = 1;
				LastSwiftUpdateCheck = 1330;
				LastUpgradeCheck = 1330;
				TargetAttributes = {
					F20504FB283C1C300005135E = {
						CreatedOnToolsVersion = 13.3;
					};
				};
			};
			buildConfigurationList = F20504F7283C1C300005135E /* Build configuration list for PBXProject "Sleepy Time" */;
			compatibilityVersion = "Xcode 13.0";
			developmentRegion = en;
			hasScannedForEncodings = 0;
			knownRegions = (
				en,
				Base,
			);
			mainGroup = F20504F3283C1C300005135E;
			packageReferences = (
				BA0DADD2284C1DE9007A06E2 /* XCRemoteSwiftPackageReference "realm-swift" */,
				BA0DADD7284C1EFC007A06E2 /* XCRemoteSwiftPackageReference "SwiftUICharts" */,
				F2E3EE26284D9E44007AD766 /* XCRemoteSwiftPackageReference "neumorphic" */,
			);
			productRefGroup = F20504FD283C1C300005135E /* Products */;
			projectDirPath = "";
			projectRoot = "";
			targets = (
				F20504FB283C1C300005135E /* Sleepy Time */,
			);
		};
/* End PBXProject section */

/* Begin PBXResourcesBuildPhase section */
		F20504FA283C1C300005135E /* Resources */ = {
			isa = PBXResourcesBuildPhase;
			buildActionMask = 2147483647;
			files = (
				F2050507283C1C320005135E /* Preview Assets.xcassets in Resources */,
				F2050504283C1C320005135E /* Assets.xcassets in Resources */,
			);
			runOnlyForDeploymentPostprocessing = 0;
		};
/* End PBXResourcesBuildPhase section */

/* Begin PBXSourcesBuildPhase section */
		F20504F8283C1C300005135E /* Sources */ = {
			isa = PBXSourcesBuildPhase;
			buildActionMask = 2147483647;
			files = (
				F2050502283C1C300005135E /* ContentView.swift in Sources */,
				BA0D49B9283F222100CB81B1 /* IORepository.swift in Sources */,
				F2176CC72849D78000EE7934 /* GraphView.swift in Sources */,
				F2176CBD2849B44200EE7934 /* PieView.swift in Sources */,
				BA1A1D4D28456C4A00C5F19E /* TestData.swift in Sources */,
				BA1A1D4F28458B5800C5F19E /* User.swift in Sources */,
				F205050E283C1C700005135E /* AddSleepView.swift in Sources */,
				F2176CB72845FD8E00EE7934 /* HomeView.swift in Sources */,
				F2176CBB2848361100EE7934 /* DetailedView.swift in Sources */,
				F2050514283C330A0005135E /* RecordsView.swift in Sources */,
				F2176CB92845FD9D00EE7934 /* ReportView.swift in Sources */,
				BA0D49BF283F229800CB81B1 /* SleepRecordViewModel.swift in Sources */,
				BA1A1D5128458B8200C5F19E /* UserViewModel.swift in Sources */,
				BA0D49B1283F162B00CB81B1 /* SleepRecord.swift in Sources */,
				F2050500283C1C300005135E /* Final_ProjectApp.swift in Sources */,
			);
			runOnlyForDeploymentPostprocessing = 0;
		};
/* End PBXSourcesBuildPhase section */

/* Begin XCBuildConfiguration section */
		F2050508283C1C320005135E /* Debug */ = {
			isa = XCBuildConfiguration;
			buildSettings = {
				ALWAYS_SEARCH_USER_PATHS = NO;
				CLANG_ANALYZER_NONNULL = YES;
				CLANG_ANALYZER_NUMBER_OBJECT_CONVERSION = YES_AGGRESSIVE;
				CLANG_CXX_LANGUAGE_STANDARD = "gnu++17";
				CLANG_ENABLE_MODULES = YES;
				CLANG_ENABLE_OBJC_ARC = YES;
				CLANG_ENABLE_OBJC_WEAK = YES;
				CLANG_WARN_BLOCK_CAPTURE_AUTORELEASING = YES;
				CLANG_WARN_BOOL_CONVERSION = YES;
				CLANG_WARN_COMMA = YES;
				CLANG_WARN_CONSTANT_CONVERSION = YES;
				CLANG_WARN_DEPRECATED_OBJC_IMPLEMENTATIONS = YES;
				CLANG_WARN_DIRECT_OBJC_ISA_USAGE = YES_ERROR;
				CLANG_WARN_DOCUMENTATION_COMMENTS = YES;
				CLANG_WARN_EMPTY_BODY = YES;
				CLANG_WARN_ENUM_CONVERSION = YES;
				CLANG_WARN_INFINITE_RECURSION = YES;
				CLANG_WARN_INT_CONVERSION = YES;
				CLANG_WARN_NON_LITERAL_NULL_CONVERSION = YES;
				CLANG_WARN_OBJC_IMPLICIT_RETAIN_SELF = YES;
				CLANG_WARN_OBJC_LITERAL_CONVERSION = YES;
				CLANG_WARN_OBJC_ROOT_CLASS = YES_ERROR;
				CLANG_WARN_QUOTED_INCLUDE_IN_FRAMEWORK_HEADER = YES;
				CLANG_WARN_RANGE_LOOP_ANALYSIS = YES;
				CLANG_WARN_STRICT_PROTOTYPES = YES;
				CLANG_WARN_SUSPICIOUS_MOVE = YES;
				CLANG_WARN_UNGUARDED_AVAILABILITY = YES_AGGRESSIVE;
				CLANG_WARN_UNREACHABLE_CODE = YES;
				CLANG_WARN__DUPLICATE_METHOD_MATCH = YES;
				COPY_PHASE_STRIP = NO;
				DEBUG_INFORMATION_FORMAT = dwarf;
				ENABLE_STRICT_OBJC_MSGSEND = YES;
				ENABLE_TESTABILITY = YES;
				GCC_C_LANGUAGE_STANDARD = gnu11;
				GCC_DYNAMIC_NO_PIC = NO;
				GCC_NO_COMMON_BLOCKS = YES;
				GCC_OPTIMIZATION_LEVEL = 0;
				GCC_PREPROCESSOR_DEFINITIONS = (
					"DEBUG=1",
					"$(inherited)",
				);
				GCC_WARN_64_TO_32_BIT_CONVERSION = YES;
				GCC_WARN_ABOUT_RETURN_TYPE = YES_ERROR;
				GCC_WARN_UNDECLARED_SELECTOR = YES;
				GCC_WARN_UNINITIALIZED_AUTOS = YES_AGGRESSIVE;
				GCC_WARN_UNUSED_FUNCTION = YES;
				GCC_WARN_UNUSED_VARIABLE = YES;
				IPHONEOS_DEPLOYMENT_TARGET = 15.4;
				MTL_ENABLE_DEBUG_INFO = INCLUDE_SOURCE;
				MTL_FAST_MATH = YES;
				ONLY_ACTIVE_ARCH = YES;
				SDKROOT = iphoneos;
				SWIFT_ACTIVE_COMPILATION_CONDITIONS = DEBUG;
				SWIFT_OPTIMIZATION_LEVEL = "-Onone";
			};
			name = Debug;
		};
		F2050509283C1C320005135E /* Release */ = {
			isa = XCBuildConfiguration;
			buildSettings = {
				ALWAYS_SEARCH_USER_PATHS = NO;
				CLANG_ANALYZER_NONNULL = YES;
				CLANG_ANALYZER_NUMBER_OBJECT_CONVERSION = YES_AGGRESSIVE;
				CLANG_CXX_LANGUAGE_STANDARD = "gnu++17";
				CLANG_ENABLE_MODULES = YES;
				CLANG_ENABLE_OBJC_ARC = YES;
				CLANG_ENABLE_OBJC_WEAK = YES;
				CLANG_WARN_BLOCK_CAPTURE_AUTORELEASING = YES;
				CLANG_WARN_BOOL_CONVERSION = YES;
				CLANG_WARN_COMMA = YES;
				CLANG_WARN_CONSTANT_CONVERSION = YES;
				CLANG_WARN_DEPRECATED_OBJC_IMPLEMENTATIONS = YES;
				CLANG_WARN_DIRECT_OBJC_ISA_USAGE = YES_ERROR;
				CLANG_WARN_DOCUMENTATION_COMMENTS = YES;
				CLANG_WARN_EMPTY_BODY = YES;
				CLANG_WARN_ENUM_CONVERSION = YES;
				CLANG_WARN_INFINITE_RECURSION = YES;
				CLANG_WARN_INT_CONVERSION = YES;
				CLANG_WARN_NON_LITERAL_NULL_CONVERSION = YES;
				CLANG_WARN_OBJC_IMPLICIT_RETAIN_SELF = YES;
				CLANG_WARN_OBJC_LITERAL_CONVERSION = YES;
				CLANG_WARN_OBJC_ROOT_CLASS = YES_ERROR;
				CLANG_WARN_QUOTED_INCLUDE_IN_FRAMEWORK_HEADER = YES;
				CLANG_WARN_RANGE_LOOP_ANALYSIS = YES;
				CLANG_WARN_STRICT_PROTOTYPES = YES;
				CLANG_WARN_SUSPICIOUS_MOVE = YES;
				CLANG_WARN_UNGUARDED_AVAILABILITY = YES_AGGRESSIVE;
				CLANG_WARN_UNREACHABLE_CODE = YES;
				CLANG_WARN__DUPLICATE_METHOD_MATCH = YES;
				COPY_PHASE_STRIP = NO;
				DEBUG_INFORMATION_FORMAT = "dwarf-with-dsym";
				ENABLE_NS_ASSERTIONS = NO;
				ENABLE_STRICT_OBJC_MSGSEND = YES;
				GCC_C_LANGUAGE_STANDARD = gnu11;
				GCC_NO_COMMON_BLOCKS = YES;
				GCC_WARN_64_TO_32_BIT_CONVERSION = YES;
				GCC_WARN_ABOUT_RETURN_TYPE = YES_ERROR;
				GCC_WARN_UNDECLARED_SELECTOR = YES;
				GCC_WARN_UNINITIALIZED_AUTOS = YES_AGGRESSIVE;
				GCC_WARN_UNUSED_FUNCTION = YES;
				GCC_WARN_UNUSED_VARIABLE = YES;
				IPHONEOS_DEPLOYMENT_TARGET = 15.4;
				MTL_ENABLE_DEBUG_INFO = NO;
				MTL_FAST_MATH = YES;
				SDKROOT = iphoneos;
				SWIFT_COMPILATION_MODE = wholemodule;
				SWIFT_OPTIMIZATION_LEVEL = "-O";
				VALIDATE_PRODUCT = YES;
			};
			name = Release;
		};
		F205050B283C1C320005135E /* Debug */ = {
			isa = XCBuildConfiguration;
			buildSettings = {
				ASSETCATALOG_COMPILER_APPICON_NAME = AppIcon;
				ASSETCATALOG_COMPILER_GLOBAL_ACCENT_COLOR_NAME = AccentColor;
				ASSETCATALOG_COMPILER_INCLUDE_ALL_APPICON_ASSETS = NO;
				CODE_SIGN_STYLE = Automatic;
				CURRENT_PROJECT_VERSION = 1;
				DEVELOPMENT_ASSET_PATHS = "\"Final_Project/Preview Content\"";
				DEVELOPMENT_TEAM = JUM4V8V68C;
				ENABLE_PREVIEWS = YES;
				GENERATE_INFOPLIST_FILE = YES;
				INFOPLIST_KEY_UIApplicationSceneManifest_Generation = YES;
				INFOPLIST_KEY_UIApplicationSupportsIndirectInputEvents = YES;
				INFOPLIST_KEY_UILaunchScreen_Generation = YES;
				INFOPLIST_KEY_UISupportedInterfaceOrientations = UIInterfaceOrientationPortrait;
				INFOPLIST_KEY_UISupportedInterfaceOrientations_iPad = "UIInterfaceOrientationPortrait UIInterfaceOrientationPortraitUpsideDown UIInterfaceOrientationLandscapeLeft UIInterfaceOrientationLandscapeRight";
				INFOPLIST_KEY_UISupportedInterfaceOrientations_iPhone = "UIInterfaceOrientationPortrait UIInterfaceOrientationLandscapeLeft UIInterfaceOrientationLandscapeRight";
				LD_RUNPATH_SEARCH_PATHS = (
					"$(inherited)",
					"@executable_path/Frameworks",
				);
				MARKETING_VERSION = 1.0;
				PRODUCT_BUNDLE_IDENTIFIER = "group1.Final-Project";
				PRODUCT_NAME = "Sleepy Time";
				SWIFT_EMIT_LOC_STRINGS = YES;
				SWIFT_VERSION = 5.0;
				TARGETED_DEVICE_FAMILY = 1;
			};
			name = Debug;
		};
		F205050C283C1C320005135E /* Release */ = {
			isa = XCBuildConfiguration;
			buildSettings = {
				ASSETCATALOG_COMPILER_APPICON_NAME = AppIcon;
				ASSETCATALOG_COMPILER_GLOBAL_ACCENT_COLOR_NAME = AccentColor;
				ASSETCATALOG_COMPILER_INCLUDE_ALL_APPICON_ASSETS = NO;
				CODE_SIGN_STYLE = Automatic;
				CURRENT_PROJECT_VERSION = 1;
				DEVELOPMENT_ASSET_PATHS = "\"Final_Project/Preview Content\"";
				DEVELOPMENT_TEAM = JUM4V8V68C;
				ENABLE_PREVIEWS = YES;
				GENERATE_INFOPLIST_FILE = YES;
				INFOPLIST_KEY_UIApplicationSceneManifest_Generation = YES;
				INFOPLIST_KEY_UIApplicationSupportsIndirectInputEvents = YES;
				INFOPLIST_KEY_UILaunchScreen_Generation = YES;
				INFOPLIST_KEY_UISupportedInterfaceOrientations = UIInterfaceOrientationPortrait;
				INFOPLIST_KEY_UISupportedInterfaceOrientations_iPad = "UIInterfaceOrientationPortrait UIInterfaceOrientationPortraitUpsideDown UIInterfaceOrientationLandscapeLeft UIInterfaceOrientationLandscapeRight";
				INFOPLIST_KEY_UISupportedInterfaceOrientations_iPhone = "UIInterfaceOrientationPortrait UIInterfaceOrientationLandscapeLeft UIInterfaceOrientationLandscapeRight";
				LD_RUNPATH_SEARCH_PATHS = (
					"$(inherited)",
					"@executable_path/Frameworks",
				);
				MARKETING_VERSION = 1.0;
				PRODUCT_BUNDLE_IDENTIFIER = "group1.Final-Project";
				PRODUCT_NAME = "Sleepy Time";
				SWIFT_EMIT_LOC_STRINGS = YES;
				SWIFT_VERSION = 5.0;
				TARGETED_DEVICE_FAMILY = 1;
			};
			name = Release;
		};
/* End XCBuildConfiguration section */

/* Begin XCConfigurationList section */
		F20504F7283C1C300005135E /* Build configuration list for PBXProject "Sleepy Time" */ = {
			isa = XCConfigurationList;
			buildConfigurations = (
				F2050508283C1C320005135E /* Debug */,
				F2050509283C1C320005135E /* Release */,
			);
			defaultConfigurationIsVisible = 0;
			defaultConfigurationName = Release;
		};
		F205050A283C1C320005135E /* Build configuration list for PBXNativeTarget "Sleepy Time" */ = {
			isa = XCConfigurationList;
			buildConfigurations = (
				F205050B283C1C320005135E /* Debug */,
				F205050C283C1C320005135E /* Release */,
			);
			defaultConfigurationIsVisible = 0;
			defaultConfigurationName = Release;
		};
/* End XCConfigurationList section */

/* Begin XCRemoteSwiftPackageReference section */
		BA0DADD2284C1DE9007A06E2 /* XCRemoteSwiftPackageReference "realm-swift" */ = {
			isa = XCRemoteSwiftPackageReference;
			repositoryURL = "https://github.com/realm/realm-swift.git";
			requirement = {
				kind = upToNextMajorVersion;
				minimumVersion = 10.19.0;
			};
		};
		BA0DADD7284C1EFC007A06E2 /* XCRemoteSwiftPackageReference "SwiftUICharts" */ = {
			isa = XCRemoteSwiftPackageReference;
			repositoryURL = "https://github.com/willdale/SwiftUICharts";
			requirement = {
				kind = upToNextMajorVersion;
				minimumVersion = 2.0.0;
			};
		};
		F2E3EE26284D9E44007AD766 /* XCRemoteSwiftPackageReference "neumorphic" */ = {
			isa = XCRemoteSwiftPackageReference;
			repositoryURL = "https://github.com/costachung/neumorphic";
			requirement = {
				branch = master;
				kind = branch;
			};
		};
/* End XCRemoteSwiftPackageReference section */

/* Begin XCSwiftPackageProductDependency section */
		BA0DADD3284C1DE9007A06E2 /* Realm */ = {
			isa = XCSwiftPackageProductDependency;
			package = BA0DADD2284C1DE9007A06E2 /* XCRemoteSwiftPackageReference "realm-swift" */;
			productName = Realm;
		};
		BA0DADD5284C1DE9007A06E2 /* RealmSwift */ = {
			isa = XCSwiftPackageProductDependency;
			package = BA0DADD2284C1DE9007A06E2 /* XCRemoteSwiftPackageReference "realm-swift" */;
			productName = RealmSwift;
		};
		BA0DADD8284C1EFC007A06E2 /* SwiftUICharts */ = {
			isa = XCSwiftPackageProductDependency;
			package = BA0DADD7284C1EFC007A06E2 /* XCRemoteSwiftPackageReference "SwiftUICharts" */;
			productName = SwiftUICharts;
		};
		F2E3EE27284D9E44007AD766 /* Neumorphic */ = {
			isa = XCSwiftPackageProductDependency;
			package = F2E3EE26284D9E44007AD766 /* XCRemoteSwiftPackageReference "neumorphic" */;
			productName = Neumorphic;
		};
/* End XCSwiftPackageProductDependency section */
	};
	rootObject = F20504F4283C1C300005135E /* Project object */;
}
